
Microsoft Visual Studio Solution File, Format Version 12.00
# Visual Studio Version 16
VisualStudioVersion = 16.0.31205.134
MinimumVisualStudioVersion = 10.0.40219.1
Project("{FAE04EC0-301F-11D3-BF4B-00C04F79EFBC}") = "DesignPatterns", "DesignPatterns\DesignPatterns.csproj", "{545A264C-3EAC-4C27-95F1-20F324A6837B}"
EndProject
Global
	GlobalSection(SolutionConfigurationPlatforms) = preSolution
		Debug|Any CPU = Debug|Any CPU
		Release|Any CPU = Release|Any CPU
	EndGlobalSection
	GlobalSection(ProjectConfigurationPlatforms) = postSolution
		{545A264C-3EAC-4C27-95F1-20F324A6837B}.Debug|Any CPU.ActiveCfg = Debug|Any CPU
		{545A264C-3EAC-4C27-95F1-20F324A6837B}.Debug|Any CPU.Build.0 = Debug|Any CPU
		{545A264C-3EAC-4C27-95F1-20F324A6837B}.Release|Any CPU.ActiveCfg = Release|Any CPU
		{545A264C-3EAC-4C27-95F1-20F324A6837B}.Release|Any CPU.Build.0 = Release|Any CPU
	EndGlobalSection
	GlobalSection(SolutionProperties) = preSolution
		HideSolutionNode = FALSE
	EndGlobalSection
	GlobalSection(ExtensibilityGlobals) = postSolution
		SolutionGuid = {B27B6759-E8FE-4052-BFCE-1E7B58C6A6D2}
	EndGlobalSection
EndGlobal
